
Microsoft Visual Studio Solution File, Format Version 12.00
# Visual Studio Version 17
VisualStudioVersion = 17.3.32819.101
MinimumVisualStudioVersion = 10.0.40219.1
Project("{FAE04EC0-301F-11D3-BF4B-00C04F79EFBC}") = "MusiikkiSoitin", "MusiikkiSoitin\MusiikkiSoitin.csproj", "{B1CE0F30-C5C6-485B-9F14-7042E2968D87}"
EndProject
Global
	GlobalSection(SolutionConfigurationPlatforms) = preSolution
		Debug|Any CPU = Debug|Any CPU
		Release|Any CPU = Release|Any CPU
	EndGlobalSection
	GlobalSection(ProjectConfigurationPlatforms) = postSolution
		{B1CE0F30-C5C6-485B-9F14-7042E2968D87}.Debug|Any CPU.ActiveCfg = Debug|Any CPU
		{B1CE0F30-C5C6-485B-9F14-7042E2968D87}.Debug|Any CPU.Build.0 = Debug|Any CPU
		{B1CE0F30-C5C6-485B-9F14-7042E2968D87}.Release|Any CPU.ActiveCfg = Release|Any CPU
		{B1CE0F30-C5C6-485B-9F14-7042E2968D87}.Release|Any CPU.Build.0 = Release|Any CPU
	EndGlobalSection
	GlobalSection(SolutionProperties) = preSolution
		HideSolutionNode = FALSE
	EndGlobalSection
	GlobalSection(ExtensibilityGlobals) = postSolution
		SolutionGuid = {74B37BE6-03C3-424D-8976-6A4D3CA0FB09}
	EndGlobalSection
EndGlobal
